
Microsoft Visual Studio Solution File, Format Version 12.00
# Visual Studio Version 16
VisualStudioVersion = 16.0.31911.196
MinimumVisualStudioVersion = 10.0.40219.1
Project("{9A19103F-16F7-4668-BE54-9A1E7A4F7556}") = "GenericParser", "GenericParser.csproj", "{6987FB93-8127-41AF-A16F-17989F4DE4BE}"
EndProject
Project("{9A19103F-16F7-4668-BE54-9A1E7A4F7556}") = "GenericParserTests", "..\GenericParserTests\GenericParserTests.csproj", "{33726B9E-0FAC-4581-B5B1-A6856C90E6DC}"
EndProject
Global
	GlobalSection(SolutionConfigurationPlatforms) = preSolution
		Debug|Any CPU = Debug|Any CPU
		Release|Any CPU = Release|Any CPU
	EndGlobalSection
	GlobalSection(ProjectConfigurationPlatforms) = postSolution
		{6987FB93-8127-41AF-A16F-17989F4DE4BE}.Debug|Any CPU.ActiveCfg = Debug|Any CPU
		{6987FB93-8127-41AF-A16F-17989F4DE4BE}.Debug|Any CPU.Build.0 = Debug|Any CPU
		{6987FB93-8127-41AF-A16F-17989F4DE4BE}.Release|Any CPU.ActiveCfg = Release|Any CPU
		{6987FB93-8127-41AF-A16F-17989F4DE4BE}.Release|Any CPU.Build.0 = Release|Any CPU
		{33726B9E-0FAC-4581-B5B1-A6856C90E6DC}.Debug|Any CPU.ActiveCfg = Debug|Any CPU
		{33726B9E-0FAC-4581-B5B1-A6856C90E6DC}.Debug|Any CPU.Build.0 = Debug|Any CPU
		{33726B9E-0FAC-4581-B5B1-A6856C90E6DC}.Release|Any CPU.ActiveCfg = Release|Any CPU
		{33726B9E-0FAC-4581-B5B1-A6856C90E6DC}.Release|Any CPU.Build.0 = Release|Any CPU
	EndGlobalSection
	GlobalSection(SolutionProperties) = preSolution
		HideSolutionNode = FALSE
	EndGlobalSection
	GlobalSection(ExtensibilityGlobals) = postSolution
		SolutionGuid = {B018E885-AE2E-4EC5-AE64-4A7532D0CF2D}
	EndGlobalSection
EndGlobal
